
Microsoft Visual Studio Solution File, Format Version 12.00
# Visual Studio Version 17
VisualStudioVersion = 17.1.32421.90
MinimumVisualStudioVersion = 10.0.40219.1
Project("{FAE04EC0-301F-11D3-BF4B-00C04F79EFBC}") = "OS_35", "OS_35\OS_35.csproj", "{E8DF40ED-66EC-4D2D-B491-F3DDE4ACBFAD}"
EndProject
Global
	GlobalSection(SolutionConfigurationPlatforms) = preSolution
		Debug|Any CPU = Debug|Any CPU
		Release|Any CPU = Release|Any CPU
	EndGlobalSection
	GlobalSection(ProjectConfigurationPlatforms) = postSolution
		{E8DF40ED-66EC-4D2D-B491-F3DDE4ACBFAD}.Debug|Any CPU.ActiveCfg = Debug|Any CPU
		{E8DF40ED-66EC-4D2D-B491-F3DDE4ACBFAD}.Debug|Any CPU.Build.0 = Debug|Any CPU
		{E8DF40ED-66EC-4D2D-B491-F3DDE4ACBFAD}.Release|Any CPU.ActiveCfg = Release|Any CPU
		{E8DF40ED-66EC-4D2D-B491-F3DDE4ACBFAD}.Release|Any CPU.Build.0 = Release|Any CPU
	EndGlobalSection
	GlobalSection(SolutionProperties) = preSolution
		HideSolutionNode = FALSE
	EndGlobalSection
	GlobalSection(ExtensibilityGlobals) = postSolution
		SolutionGuid = {0D0F44D2-2EA3-4E51-98BE-DC808753A059}
	EndGlobalSection
EndGlobal
